
Microsoft Visual Studio Solution File, Format Version 11.00
# Visual Studio 2010
Project("{FAE04EC0-301F-11D3-BF4B-00C04F79EFBC}") = "Assembly-CSharp", "Assembly-CSharp.csproj", "{7C67309B-6F7A-6A17-382C-4AD79E9626EA}"
EndProject
Global
	GlobalSection(SolutionConfigurationPlatforms) = preSolution
		Debug|Any CPU = Debug|Any CPU
		Release|Any CPU = Release|Any CPU
	EndGlobalSection
	GlobalSection(ProjectConfigurationPlatforms) = postSolution
		{7C67309B-6F7A-6A17-382C-4AD79E9626EA}.Debug|Any CPU.ActiveCfg = Debug|Any CPU
		{7C67309B-6F7A-6A17-382C-4AD79E9626EA}.Debug|Any CPU.Build.0 = Debug|Any CPU
		{7C67309B-6F7A-6A17-382C-4AD79E9626EA}.Release|Any CPU.ActiveCfg = Release|Any CPU
		{7C67309B-6F7A-6A17-382C-4AD79E9626EA}.Release|Any CPU.Build.0 = Release|Any CPU
	EndGlobalSection
	GlobalSection(SolutionProperties) = preSolution
		HideSolutionNode = FALSE
	EndGlobalSection
EndGlobal
